github.com/takamitsu-iida/radix v0.0.0-20220812041631-0b42f334a8a1 h1:v0rb2ZVKOukGQXCfCZBsEmN1Rx7oVGOVKQPqqhO+vNw=
github.com/takamitsu-iida/radix v0.0.0-20220812041631-0b42f334a8a1/go.mod h1:c4V5JDrYvNEgY6XPCFFYwNMHjaiHJrt2yJG95QXU1oQ=
github.com/takamitsu-iida/radix v0.0.1 h1:jvEX8RSjexMjDho2KinjgEc6IlwLVNsayh0JgAfpHKY=
github.com/takamitsu-iida/radix v0.0.1/go.mod h1:c4V5JDrYvNEgY6XPCFFYwNMHjaiHJrt2yJG95QXU1oQ=
